
Microsoft Visual Studio Solution File, Format Version 12.00
# Visual Studio 15
VisualStudioVersion = 15.0.27130.2027
MinimumVisualStudioVersion = 10.0.40219.1
Project("{FAE04EC0-301F-11D3-BF4B-00C04F79EFBC}") = "Infinity-Planets", "Infinity-Planets\Infinity-Planets.csproj", "{6B5156F6-682E-4E28-92E9-CEA57352E2DF}"
EndProject
Global
	GlobalSection(SolutionConfigurationPlatforms) = preSolution
		Debug|Any CPU = Debug|Any CPU
		Release|Any CPU = Release|Any CPU
	EndGlobalSection
	GlobalSection(ProjectConfigurationPlatforms) = postSolution
		{6B5156F6-682E-4E28-92E9-CEA57352E2DF}.Debug|Any CPU.ActiveCfg = Debug|Any CPU
		{6B5156F6-682E-4E28-92E9-CEA57352E2DF}.Debug|Any CPU.Build.0 = Debug|Any CPU
		{6B5156F6-682E-4E28-92E9-CEA57352E2DF}.Release|Any CPU.ActiveCfg = Release|Any CPU
		{6B5156F6-682E-4E28-92E9-CEA57352E2DF}.Release|Any CPU.Build.0 = Release|Any CPU
	EndGlobalSection
	GlobalSection(SolutionProperties) = preSolution
		HideSolutionNode = FALSE
	EndGlobalSection
	GlobalSection(ExtensibilityGlobals) = postSolution
		SolutionGuid = {4C50FB06-FF96-4912-BFAB-A1C75C59883A}
	EndGlobalSection
EndGlobal
